
Microsoft Visual Studio Solution File, Format Version 12.00
# Visual Studio Version 17
VisualStudioVersion = 17.6.33717.318
MinimumVisualStudioVersion = 10.0.40219.1
Project("{8BC9CEB8-8B4A-11D0-8D11-00A0C91BC942}") = "libpt5stl_ru", "libpt5stl_ru.vcxproj", "{3FCA41A0-CDCD-4F97-9C98-DB0954204567}"
EndProject
Global
	GlobalSection(SolutionConfigurationPlatforms) = preSolution
		Debug|x86 = Debug|x86
		Release|x86 = Release|x86
	EndGlobalSection
	GlobalSection(ProjectConfigurationPlatforms) = postSolution
		{3FCA41A0-CDCD-4F97-9C98-DB0954204567}.Debug|x86.ActiveCfg = Debug|Win32
		{3FCA41A0-CDCD-4F97-9C98-DB0954204567}.Debug|x86.Build.0 = Debug|Win32
		{3FCA41A0-CDCD-4F97-9C98-DB0954204567}.Release|x86.ActiveCfg = Release|Win32
		{3FCA41A0-CDCD-4F97-9C98-DB0954204567}.Release|x86.Build.0 = Release|Win32
	EndGlobalSection
	GlobalSection(SolutionProperties) = preSolution
		HideSolutionNode = FALSE
	EndGlobalSection
	GlobalSection(ExtensibilityGlobals) = postSolution
		SolutionGuid = {0889912A-69B9-4F77-8826-D1A684DEABE7}
	EndGlobalSection
EndGlobal
