
Microsoft Visual Studio Solution File, Format Version 12.00
# Visual Studio Version 17
VisualStudioVersion = 17.6.33717.318
MinimumVisualStudioVersion = 10.0.40219.1
Project("{8BC9CEB8-8B4A-11D0-8D11-00A0C91BC942}") = "PT5MPI9Matr_en", "PT5MPI9Matr_en.vcxproj", "{3FCA41A0-CDCD-4F97-9C98-DB0954204567}"
EndProject
Global
	GlobalSection(SolutionConfigurationPlatforms) = preSolution
		Debug|x86 = Debug|x86
		Release|x86 = Release|x86
	EndGlobalSection
	GlobalSection(ProjectConfigurationPlatforms) = postSolution
		{3FCA41A0-CDCD-4F97-9C98-DB0954204567}.Debug|x86.ActiveCfg = Debug|Win32
		{3FCA41A0-CDCD-4F97-9C98-DB0954204567}.Debug|x86.Build.0 = Debug|Win32
		{3FCA41A0-CDCD-4F97-9C98-DB0954204567}.Release|x86.ActiveCfg = Release|Win32
		{3FCA41A0-CDCD-4F97-9C98-DB0954204567}.Release|x86.Build.0 = Release|Win32
	EndGlobalSection
	GlobalSection(SolutionProperties) = preSolution
		HideSolutionNode = FALSE
	EndGlobalSection
	GlobalSection(ExtensibilityGlobals) = postSolution
		SolutionGuid = {85B30F7D-378E-45DC-B350-AE274D5D91B3}
	EndGlobalSection
EndGlobal
